
Microsoft Visual Studio Solution File, Format Version 12.00
# Visual Studio Version 16
VisualStudioVersion = 16.0.30330.147
MinimumVisualStudioVersion = 10.0.40219.1
Project("{FAE04EC0-301F-11D3-BF4B-00C04F79EFBC}") = "SoundTheAlarm", "SoundTheAlarm_ModLibIntegration\SoundTheAlarm.csproj", "{DC59A55E-ED89-49DB-AEF8-36D0BEED07AF}"
EndProject
Global
	GlobalSection(SolutionConfigurationPlatforms) = preSolution
		Debug|Any CPU = Debug|Any CPU
		Release|Any CPU = Release|Any CPU
	EndGlobalSection
	GlobalSection(ProjectConfigurationPlatforms) = postSolution
		{DC59A55E-ED89-49DB-AEF8-36D0BEED07AF}.Debug|Any CPU.ActiveCfg = Debug|Any CPU
		{DC59A55E-ED89-49DB-AEF8-36D0BEED07AF}.Debug|Any CPU.Build.0 = Debug|Any CPU
		{DC59A55E-ED89-49DB-AEF8-36D0BEED07AF}.Release|Any CPU.ActiveCfg = Release|Any CPU
		{DC59A55E-ED89-49DB-AEF8-36D0BEED07AF}.Release|Any CPU.Build.0 = Release|Any CPU
	EndGlobalSection
	GlobalSection(SolutionProperties) = preSolution
		HideSolutionNode = FALSE
	EndGlobalSection
	GlobalSection(ExtensibilityGlobals) = postSolution
		SolutionGuid = {B88FBECD-ED8E-438E-A481-B3EB50B6A261}
	EndGlobalSection
EndGlobal
